{
  "name": "teekiti",
  "lockfileVersion": 3,
  "requires": true,
  "packages": {
    "": {
      "dependencies": {
        "intl-tel-input": "^25.3.1"
      }
    },
    "node_modules/intl-tel-input": {
      "version": "25.3.1",
      "resolved": "https://registry.npmjs.org/intl-tel-input/-/intl-tel-input-25.3.1.tgz",
      "integrity": "sha512-0Xls8/hnvPv6EqfDJ+cz6h/MGvEYiHkerrQBHMmRuuBPZ0MedDyzRqqdSkhFXXGt9YTihmBhXwtWoeHjdouIKA==",
      "license": "MIT"
    }
  }
}
